Microsoft Visual Studio Solution File, Format Version 12.00
# Visual Studio Version 17
VisualStudioVersion = 17.5.2.0
MinimumVisualStudioVersion = 10.0.40219.1
Project("{FAE04EC0-301F-11D3-BF4B-00C04F79EFBC}") = "cv2", "cv2\cv2.csproj", "{879C3354-B274-C0BA-C6EF-33A9DA8ED19F}"
EndProject
Global
	GlobalSection(SolutionConfigurationPlatforms) = preSolution
		Debug|Any CPU = Debug|Any CPU
		Release|Any CPU = Release|Any CPU
	EndGlobalSection
	GlobalSection(ProjectConfigurationPlatforms) = postSolution
		{879C3354-B274-C0BA-C6EF-33A9DA8ED19F}.Debug|Any CPU.ActiveCfg = Debug|Any CPU
		{879C3354-B274-C0BA-C6EF-33A9DA8ED19F}.Debug|Any CPU.Build.0 = Debug|Any CPU
		{879C3354-B274-C0BA-C6EF-33A9DA8ED19F}.Release|Any CPU.ActiveCfg = Release|Any CPU
		{879C3354-B274-C0BA-C6EF-33A9DA8ED19F}.Release|Any CPU.Build.0 = Release|Any CPU
	EndGlobalSection
	GlobalSection(SolutionProperties) = preSolution
		HideSolutionNode = FALSE
	EndGlobalSection
	GlobalSection(ExtensibilityGlobals) = postSolution
		SolutionGuid = {C78C8FB4-46F4-44B7-BCD7-23D4B9FD9D70}
	EndGlobalSection
EndGlobal
